// !$*UTF8*$!
{
	archiveVersion = 1;
	classes = {
	};
	objectVersion = 51;
	objects = {

/* Begin PBXBuildFile section */
		91F752F024E839A700EC507B /* KakaoOpenSDK.framework in Frameworks */ = {isa = PBXBuildFile; fileRef = 91F752EF24E839A700EC507B /* KakaoOpenSDK.framework */; };
		9DF9E295ED7EAF859B2556D3 /* Pods_LoginProject.framework in Frameworks */ = {isa = PBXBuildFile; fileRef = 6CF96BE647A3E3E88513463C /* Pods_LoginProject.framework */; };
		CC5352A224F287E90071DFFF /* writeViewController.swift in Sources */ = {isa = PBXBuildFile; fileRef = CC53527824F287E80071DFFF /* writeViewController.swift */; };
		CC5352A324F287E90071DFFF /* favoriteViewController.swift in Sources */ = {isa = PBXBuildFile; fileRef = CC53527924F287E80071DFFF /* favoriteViewController.swift */; };
		CC5352A424F287E90071DFFF /* DetailViewController.swift in Sources */ = {isa = PBXBuildFile; fileRef = CC53527A24F287E80071DFFF /* DetailViewController.swift */; };
		CC5352A524F287E90071DFFF /* LaunchScreen.storyboard in Resources */ = {isa = PBXBuildFile; fileRef = CC53527B24F287E80071DFFF /* LaunchScreen.storyboard */; };
		CC5352A624F287E90071DFFF /* Main.storyboard in Resources */ = {isa = PBXBuildFile; fileRef = CC53527D24F287E80071DFFF /* Main.storyboard */; };
		CC5352A724F287E90071DFFF /* BountyViewController.swift in Sources */ = {isa = PBXBuildFile; fileRef = CC53527F24F287E80071DFFF /* BountyViewController.swift */; };
		CC5352A824F287E90071DFFF /* AppDelegate.swift in Sources */ = {isa = PBXBuildFile; fileRef = CC53528024F287E80071DFFF /* AppDelegate.swift */; };
		CC5352A924F287E90071DFFF /* likeViewController.swift in Sources */ = {isa = PBXBuildFile; fileRef = CC53528124F287E80071DFFF /* likeViewController.swift */; };
		CC5352AA24F287E90071DFFF /* Info.plist in Resources */ = {isa = PBXBuildFile; fileRef = CC53528224F287E80071DFFF /* Info.plist */; };
		CC5352AB24F287E90071DFFF /* SceneDelegate.swift in Sources */ = {isa = PBXBuildFile; fileRef = CC53528324F287E80071DFFF /* SceneDelegate.swift */; };
		CC5352AC24F287E90071DFFF /* ContentViewController.swift in Sources */ = {isa = PBXBuildFile; fileRef = CC53528524F287E80071DFFF /* ContentViewController.swift */; };
		CC5352AD24F287E90071DFFF /* ViewController.swift in Sources */ = {isa = PBXBuildFile; fileRef = CC53528624F287E80071DFFF /* ViewController.swift */; };
		CC5352AE24F287E90071DFFF /* AddViewController.swift in Sources */ = {isa = PBXBuildFile; fileRef = CC53528724F287E80071DFFF /* AddViewController.swift */; };
		CC5352AF24F287E90071DFFF /* close1.png in Resources */ = {isa = PBXBuildFile; fileRef = CC53528824F287E80071DFFF /* close1.png */; };
		CC5352B024F287E90071DFFF /* Assets.xcassets in Resources */ = {isa = PBXBuildFile; fileRef = CC53528924F287E80071DFFF /* Assets.xcassets */; };
		CC5352B124F287E90071DFFF /* CollectionViewCell.swift in Sources */ = {isa = PBXBuildFile; fileRef = CC53528A24F287E80071DFFF /* CollectionViewCell.swift */; };
		CC5352B224F287E90071DFFF /* LaunchScreen.storyboard in Resources */ = {isa = PBXBuildFile; fileRef = CC53528B24F287E80071DFFF /* LaunchScreen.storyboard */; };
		CC5352B324F287E90071DFFF /* Main.storyboard in Resources */ = {isa = PBXBuildFile; fileRef = CC53528D24F287E80071DFFF /* Main.storyboard */; };
		CC5352B424F287E90071DFFF /* EditViewController.swift in Sources */ = {isa = PBXBuildFile; fileRef = CC53528F24F287E80071DFFF /* EditViewController.swift */; };
		CC5352B524F287E90071DFFF /* Photomemo+CoreDataProperties.swift in Sources */ = {isa = PBXBuildFile; fileRef = CC53529024F287E80071DFFF /* Photomemo+CoreDataProperties.swift */; };
		CC5352B624F287E90071DFFF /* Photomemo+CoreDataClass.swift in Sources */ = {isa = PBXBuildFile; fileRef = CC53529124F287E80071DFFF /* Photomemo+CoreDataClass.swift */; };
		CC5352B724F287E90071DFFF /* AppDelegate.swift in Sources */ = {isa = PBXBuildFile; fileRef = CC53529224F287E80071DFFF /* AppDelegate.swift */; };
		CC5352B824F287E90071DFFF /* Info.plist in Resources */ = {isa = PBXBuildFile; fileRef = CC53529324F287E80071DFFF /* Info.plist */; };
		CC5352B924F287E90071DFFF /* MemoWithCollectionView.xcdatamodeld in Sources */ = {isa = PBXBuildFile; fileRef = CC53529424F287E80071DFFF /* MemoWithCollectionView.xcdatamodeld */; };
		FD51EFD624E42DFC00EBB739 /* AppDelegate.swift in Sources */ = {isa = PBXBuildFile; fileRef = FD51EFD524E42DFC00EBB739 /* AppDelegate.swift */; };
		FD51EFD824E42DFC00EBB739 /* SceneDelegate.swift in Sources */ = {isa = PBXBuildFile; fileRef = FD51EFD724E42DFC00EBB739 /* SceneDelegate.swift */; };
		FD51EFDD24E42DFC00EBB739 /* Main.storyboard in Resources */ = {isa = PBXBuildFile; fileRef = FD51EFDB24E42DFC00EBB739 /* Main.storyboard */; };
		FD51EFDF24E42E0200EBB739 /* Assets.xcassets in Resources */ = {isa = PBXBuildFile; fileRef = FD51EFDE24E42E0200EBB739 /* Assets.xcassets */; };
		FD51EFE224E42E0200EBB739 /* LaunchScreen.storyboard in Resources */ = {isa = PBXBuildFile; fileRef = FD51EFE024E42E0200EBB739 /* LaunchScreen.storyboard */; };
		FD51F00224E45A8400EBB739 /* GoogleService-Info.plist in Resources */ = {isa = PBXBuildFile; fileRef = FD51F00124E45A8400EBB739 /* GoogleService-Info.plist */; };
		FDE73AD924F27DDD00225959 /* TermsConditionViewController.swift in Sources */ = {isa = PBXBuildFile; fileRef = FDE73AD424F27DDC00225959 /* TermsConditionViewController.swift */; };
		FDE73ADA24F27DDD00225959 /* CompleteSignUpViewController.swift in Sources */ = {isa = PBXBuildFile; fileRef = FDE73AD524F27DDC00225959 /* CompleteSignUpViewController.swift */; };
		FDE73ADB24F27DDD00225959 /* LoginViewController.swift in Sources */ = {isa = PBXBuildFile; fileRef = FDE73AD624F27DDC00225959 /* LoginViewController.swift */; };
		FDE73ADC24F27DDD00225959 /* MyPageViewController.swift in Sources */ = {isa = PBXBuildFile; fileRef = FDE73AD724F27DDC00225959 /* MyPageViewController.swift */; };
		FDE73ADD24F27DDD00225959 /* SignUpViewController.swift in Sources */ = {isa = PBXBuildFile; fileRef = FDE73AD824F27DDC00225959 /* SignUpViewController.swift */; };
		FDE73ADF24F27DEB00225959 /* LoginMyPageViewController.swift in Sources */ = {isa = PBXBuildFile; fileRef = FDE73ADE24F27DEB00225959 /* LoginMyPageViewController.swift */; };
		FDE73AE224F27F4800225959 /* ChatMessageCell.swift in Sources */ = {isa = PBXBuildFile; fileRef = FDE73AE124F27F4800225959 /* ChatMessageCell.swift */; };
		FDE73AE524F2800A00225959 /* ChatUserModel.swift in Sources */ = {isa = PBXBuildFile; fileRef = FDE73AE424F2800A00225959 /* ChatUserModel.swift */; };
/* End PBXBuildFile section */

/* Begin PBXContainerItemProxy section */
		CC53529A24F287E90071DFFF /* PBXContainerItemProxy */ = {
			isa = PBXContainerItemProxy;
			containerPortal = CC53529624F287E90071DFFF /* BountyList.xcodeproj */;
			proxyType = 2;
			remoteGlobalIDString = 94AA6E51240FB60200BE0151;
			remoteInfo = BountyList;
		};
		CC5352A024F287E90071DFFF /* PBXContainerItemProxy */ = {
			isa = PBXContainerItemProxy;
			containerPortal = CC53529C24F287E90071DFFF /* MemoWithCollectionView.xcodeproj */;
			proxyType = 2;
			remoteGlobalIDString = 72581C4C20C04EE700023E44;
			remoteInfo = MemoWithCollectionView;
		};
/* End PBXContainerItemProxy section */

/* Begin PBXFileReference section */
		3B92C562837A2D3440E9DC5D /* Pods-LoginProject.release.xcconfig */ = {isa = PBXFileReference; includeInIndex = 1; lastKnownFileType = text.xcconfig; name = "Pods-LoginProject.release.xcconfig"; path = "Target Support Files/Pods-LoginProject/Pods-LoginProject.release.xcconfig"; sourceTree = "<group>"; };
		6CF96BE647A3E3E88513463C /* Pods_LoginProject.framework */ = {isa = PBXFileReference; explicitFileType = wrapper.framework; includeInIndex = 0; path = Pods_LoginProject.framework; sourceTree = BUILT_PRODUCTS_DIR; };
		81A5F735EADB8F06DAAFED50 /* Pods-LoginProject.debug.xcconfig */ = {isa = PBXFileReference; includeInIndex = 1; lastKnownFileType = text.xcconfig; name = "Pods-LoginProject.debug.xcconfig"; path = "Target Support Files/Pods-LoginProject/Pods-LoginProject.debug.xcconfig"; sourceTree = "<group>"; };
		91F752EF24E839A700EC507B /* KakaoOpenSDK.framework */ = {isa = PBXFileReference; lastKnownFileType = wrapper.framework; path = KakaoOpenSDK.framework; sourceTree = "<group>"; };
		CC53527824F287E80071DFFF /* writeViewController.swift */ = {isa = PBXFileReference; fileEncoding = 4; lastKnownFileType = sourcecode.swift; path = writeViewController.swift; sourceTree = "<group>"; };
		CC53527924F287E80071DFFF /* favoriteViewController.swift */ = {isa = PBXFileReference; fileEncoding = 4; lastKnownFileType = sourcecode.swift; path = favoriteViewController.swift; sourceTree = "<group>"; };
		CC53527A24F287E80071DFFF /* DetailViewController.swift */ = {isa = PBXFileReference; fileEncoding = 4; lastKnownFileType = sourcecode.swift; path = DetailViewController.swift; sourceTree = "<group>"; };
		CC53527C24F287E80071DFFF /* Base */ = {isa = PBXFileReference; lastKnownFileType = file.storyboard; name = Base; path = Base.lproj/LaunchScreen.storyboard; sourceTree = "<group>"; };
		CC53527E24F287E80071DFFF /* Base */ = {isa = PBXFileReference; lastKnownFileType = file.storyboard; name = Base; path = Base.lproj/Main.storyboard; sourceTree = "<group>"; };
		CC53527F24F287E80071DFFF /* BountyViewController.swift */ = {isa = PBXFileReference; fileEncoding = 4; lastKnownFileType = sourcecode.swift; path = BountyViewController.swift; sourceTree = "<group>"; };
		CC53528024F287E80071DFFF /* AppDelegate.swift */ = {isa = PBXFileReference; fileEncoding = 4; lastKnownFileType = sourcecode.swift; path = AppDelegate.swift; sourceTree = "<group>"; };
		CC53528124F287E80071DFFF /* likeViewController.swift */ = {isa = PBXFileReference; fileEncoding = 4; lastKnownFileType = sourcecode.swift; path = likeViewController.swift; sourceTree = "<group>"; };
		CC53528224F287E80071DFFF /* Info.plist */ = {isa = PBXFileReference; fileEncoding = 4; lastKnownFileType = text.plist.xml; path = Info.plist; sourceTree = "<group>"; };
		CC53528324F287E80071DFFF /* SceneDelegate.swift */ = {isa = PBXFileReference; fileEncoding = 4; lastKnownFileType = sourcecode.swift; path = SceneDelegate.swift; sourceTree = "<group>"; };
		CC53528524F287E80071DFFF /* ContentViewController.swift */ = {isa = PBXFileReference; fileEncoding = 4; lastKnownFileType = sourcecode.swift; path = ContentViewController.swift; sourceTree = "<group>"; };
		CC53528624F287E80071DFFF /* ViewController.swift */ = {isa = PBXFileReference; fileEncoding = 4; lastKnownFileType = sourcecode.swift; path = ViewController.swift; sourceTree = "<group>"; };
		CC53528724F287E80071DFFF /* AddViewController.swift */ = {isa = PBXFileReference; fileEncoding = 4; lastKnownFileType = sourcecode.swift; path = AddViewController.swift; sourceTree = "<group>"; };
		CC53528824F287E80071DFFF /* close1.png */ = {isa = PBXFileReference; lastKnownFileType = image.png; path = close1.png; sourceTree = "<group>"; };
		CC53528924F287E80071DFFF /* Assets.xcassets */ = {isa = PBXFileReference; lastKnownFileType = folder.assetcatalog; path = Assets.xcassets; sourceTree = "<group>"; };
		CC53528A24F287E80071DFFF /* CollectionViewCell.swift */ = {isa = PBXFileReference; fileEncoding = 4; lastKnownFileType = sourcecode.swift; path = CollectionViewCell.swift; sourceTree = "<group>"; };
		CC53528C24F287E80071DFFF /* Base */ = {isa = PBXFileReference; lastKnownFileType = file.storyboard; name = Base; path = Base.lproj/LaunchScreen.storyboard; sourceTree = "<group>"; };
		CC53528E24F287E80071DFFF /* Base */ = {isa = PBXFileReference; lastKnownFileType = file.storyboard; name = Base; path = Base.lproj/Main.storyboard; sourceTree = "<group>"; };
		CC53528F24F287E80071DFFF /* EditViewController.swift */ = {isa = PBXFileReference; fileEncoding = 4; lastKnownFileType = sourcecode.swift; path = EditViewController.swift; sourceTree = "<group>"; };
		CC53529024F287E80071DFFF /* Photomemo+CoreDataProperties.swift */ = {isa = PBXFileReference; fileEncoding = 4; lastKnownFileType = sourcecode.swift; path = "Photomemo+CoreDataProperties.swift"; sourceTree = "<group>"; };
		CC53529124F287E80071DFFF /* Photomemo+CoreDataClass.swift */ = {isa = PBXFileReference; fileEncoding = 4; lastKnownFileType = sourcecode.swift; path = "Photomemo+CoreDataClass.swift"; sourceTree = "<group>"; };
		CC53529224F287E80071DFFF /* AppDelegate.swift */ = {isa = PBXFileReference; fileEncoding = 4; lastKnownFileType = sourcecode.swift; path = AppDelegate.swift; sourceTree = "<group>"; };
		CC53529324F287E80071DFFF /* Info.plist */ = {isa = PBXFileReference; fileEncoding = 4; lastKnownFileType = text.plist.xml; path = Info.plist; sourceTree = "<group>"; };
		CC53529524F287E80071DFFF /* MemoWithCollectionView.xcdatamodel */ = {isa = PBXFileReference; lastKnownFileType = wrapper.xcdatamodel; path = MemoWithCollectionView.xcdatamodel; sourceTree = "<group>"; };
		CC53529624F287E90071DFFF /* BountyList.xcodeproj */ = {isa = PBXFileReference; lastKnownFileType = "wrapper.pb-project"; name = BountyList.xcodeproj; path = "../Archive 4 3 2/BountyList.xcodeproj"; sourceTree = "<group>"; };
		CC53529C24F287E90071DFFF /* MemoWithCollectionView.xcodeproj */ = {isa = PBXFileReference; lastKnownFileType = "wrapper.pb-project"; name = MemoWithCollectionView.xcodeproj; path = "../Archive 4 3 2/MemoWithCollectionView.xcodeproj"; sourceTree = "<group>"; };
		FD51EFD224E42DFC00EBB739 /* 맡아줄개.app */ = {isa = PBXFileReference; explicitFileType = wrapper.application; includeInIndex = 0; path = "맡아줄개.app"; sourceTree = BUILT_PRODUCTS_DIR; };
		FD51EFD524E42DFC00EBB739 /* AppDelegate.swift */ = {isa = PBXFileReference; lastKnownFileType = sourcecode.swift; path = AppDelegate.swift; sourceTree = "<group>"; };
		FD51EFD724E42DFC00EBB739 /* SceneDelegate.swift */ = {isa = PBXFileReference; lastKnownFileType = sourcecode.swift; path = SceneDelegate.swift; sourceTree = "<group>"; };
		FD51EFDC24E42DFC00EBB739 /* Base */ = {isa = PBXFileReference; lastKnownFileType = file.storyboard; name = Base; path = Base.lproj/Main.storyboard; sourceTree = "<group>"; };
		FD51EFDE24E42E0200EBB739 /* Assets.xcassets */ = {isa = PBXFileReference; lastKnownFileType = folder.assetcatalog; path = Assets.xcassets; sourceTree = "<group>"; };
		FD51EFE124E42E0200EBB739 /* Base */ = {isa = PBXFileReference; lastKnownFileType = file.storyboard; name = Base; path = Base.lproj/LaunchScreen.storyboard; sourceTree = "<group>"; };
		FD51EFE324E42E0200EBB739 /* Info.plist */ = {isa = PBXFileReference; lastKnownFileType = text.plist.xml; path = Info.plist; sourceTree = "<group>"; };
		FD51F00124E45A8400EBB739 /* GoogleService-Info.plist */ = {isa = PBXFileReference; fileEncoding = 4; lastKnownFileType = text.plist.xml; path = "GoogleService-Info.plist"; sourceTree = "<group>"; };
		FDE73AD124F27CC900225959 /* UserListViewController.swift */ = {isa = PBXFileReference; lastKnownFileType = sourcecode.swift; name = UserListViewController.swift; path = "../../../로그인_수정 2/로그인_수정/View Controllers/Chat/UserListViewController.swift"; sourceTree = "<group>"; };
		FDE73AD224F27CC900225959 /* ChatDetailViewController.swift */ = {isa = PBXFileReference; lastKnownFileType = sourcecode.swift; name = ChatDetailViewController.swift; path = "../../../로그인_수정 2/로그인_수정/View Controllers/Chat/ChatDetailViewController.swift"; sourceTree = "<group>"; };
		FDE73AD324F27CC900225959 /* ChatViewController.swift */ = {isa = PBXFileReference; lastKnownFileType = sourcecode.swift; name = ChatViewController.swift; path = "../../../로그인_수정 2/로그인_수정/View Controllers/Chat/ChatViewController.swift"; sourceTree = "<group>"; };
		FDE73AD424F27DDC00225959 /* TermsConditionViewController.swift */ = {isa = PBXFileReference; fileEncoding = 4; lastKnownFileType = sourcecode.swift; path = TermsConditionViewController.swift; sourceTree = "<group>"; };
		FDE73AD524F27DDC00225959 /* CompleteSignUpViewController.swift */ = {isa = PBXFileReference; fileEncoding = 4; lastKnownFileType = sourcecode.swift; path = CompleteSignUpViewController.swift; sourceTree = "<group>"; };
		FDE73AD624F27DDC00225959 /* LoginViewController.swift */ = {isa = PBXFileReference; fileEncoding = 4; lastKnownFileType = sourcecode.swift; path = LoginViewController.swift; sourceTree = "<group>"; };
		FDE73AD724F27DDC00225959 /* MyPageViewController.swift */ = {isa = PBXFileReference; fileEncoding = 4; lastKnownFileType = sourcecode.swift; path = MyPageViewController.swift; sourceTree = "<group>"; };
		FDE73AD824F27DDC00225959 /* SignUpViewController.swift */ = {isa = PBXFileReference; fileEncoding = 4; lastKnownFileType = sourcecode.swift; path = SignUpViewController.swift; sourceTree = "<group>"; };
		FDE73ADE24F27DEB00225959 /* LoginMyPageViewController.swift */ = {isa = PBXFileReference; fileEncoding = 4; lastKnownFileType = sourcecode.swift; path = LoginMyPageViewController.swift; sourceTree = "<group>"; };
		FDE73AE124F27F4800225959 /* ChatMessageCell.swift */ = {isa = PBXFileReference; fileEncoding = 4; lastKnownFileType = sourcecode.swift; path = ChatMessageCell.swift; sourceTree = "<group>"; };
		FDE73AE424F2800A00225959 /* ChatUserModel.swift */ = {isa = PBXFileReference; fileEncoding = 4; lastKnownFileType = sourcecode.swift; path = ChatUserModel.swift; sourceTree = "<group>"; };
/* End PBXFileReference section */

/* Begin PBXFrameworksBuildPhase section */
		FD51EFCF24E42DFC00EBB739 /* Frameworks */ = {
			isa = PBXFrameworksBuildPhase;
			buildActionMask = 2147483647;
			files = (
				9DF9E295ED7EAF859B2556D3 /* Pods_LoginProject.framework in Frameworks */,
				91F752F024E839A700EC507B /* KakaoOpenSDK.framework in Frameworks */,
			);
			runOnlyForDeploymentPostprocessing = 0;
		};
/* End PBXFrameworksBuildPhase section */

/* Begin PBXGroup section */
		CC53527724F287E80071DFFF /* BountyList */ = {
			isa = PBXGroup;
			children = (
				CC53527824F287E80071DFFF /* writeViewController.swift */,
				CC53527924F287E80071DFFF /* favoriteViewController.swift */,
				CC53527A24F287E80071DFFF /* DetailViewController.swift */,
				CC53527B24F287E80071DFFF /* LaunchScreen.storyboard */,
				CC53527D24F287E80071DFFF /* Main.storyboard */,
				CC53527F24F287E80071DFFF /* BountyViewController.swift */,
				CC53528024F287E80071DFFF /* AppDelegate.swift */,
				CC53528124F287E80071DFFF /* likeViewController.swift */,
				CC53528224F287E80071DFFF /* Info.plist */,
				CC53528324F287E80071DFFF /* SceneDelegate.swift */,
			);
			path = BountyList;
			sourceTree = "<group>";
		};
		CC53528424F287E80071DFFF /* MemoWithCollectionView */ = {
			isa = PBXGroup;
			children = (
				CC53528524F287E80071DFFF /* ContentViewController.swift */,
				CC53528624F287E80071DFFF /* ViewController.swift */,
				CC53528724F287E80071DFFF /* AddViewController.swift */,
				CC53528824F287E80071DFFF /* close1.png */,
				CC53528924F287E80071DFFF /* Assets.xcassets */,
				CC53528A24F287E80071DFFF /* CollectionViewCell.swift */,
				CC53528B24F287E80071DFFF /* LaunchScreen.storyboard */,
				CC53528D24F287E80071DFFF /* Main.storyboard */,
				CC53528F24F287E80071DFFF /* EditViewController.swift */,
				CC53529024F287E80071DFFF /* Photomemo+CoreDataProperties.swift */,
				CC53529124F287E80071DFFF /* Photomemo+CoreDataClass.swift */,
				CC53529224F287E80071DFFF /* AppDelegate.swift */,
				CC53529324F287E80071DFFF /* Info.plist */,
				CC53529424F287E80071DFFF /* MemoWithCollectionView.xcdatamodeld */,
			);
			path = MemoWithCollectionView;
			sourceTree = "<group>";
		};
		CC53529724F287E90071DFFF /* Products */ = {
			isa = PBXGroup;
			children = (
				CC53529B24F287E90071DFFF /* BountyList.app */,
			);
			name = Products;
			sourceTree = "<group>";
		};
		CC53529D24F287E90071DFFF /* Products */ = {
			isa = PBXGroup;
			children = (
				CC5352A124F287E90071DFFF /* MemoWithCollectionView.app */,
			);
			name = Products;
			sourceTree = "<group>";
		};
		D95081BB065C2AABD7CD17EF /* Frameworks */ = {
			isa = PBXGroup;
			children = (
				91F752EF24E839A700EC507B /* KakaoOpenSDK.framework */,
				6CF96BE647A3E3E88513463C /* Pods_LoginProject.framework */,
			);
			name = Frameworks;
			sourceTree = "<group>";
		};
		EB566F093944F982504A5D0D /* Pods */ = {
			isa = PBXGroup;
			children = (
				81A5F735EADB8F06DAAFED50 /* Pods-LoginProject.debug.xcconfig */,
				3B92C562837A2D3440E9DC5D /* Pods-LoginProject.release.xcconfig */,
			);
			path = Pods;
			sourceTree = "<group>";
		};
		FD51EFC924E42DFC00EBB739 = {
			isa = PBXGroup;
			children = (
				CC53527724F287E80071DFFF /* BountyList */,
				FDE73AE324F27FB600225959 /* Models */,
				FD51EFD424E42DFC00EBB739 /* Resources */,
				FD51EFEC24E4437D00EBB739 /* Views */,
				CC53529624F287E90071DFFF /* BountyList.xcodeproj */,
				CC53528424F287E80071DFFF /* MemoWithCollectionView */,
				CC53529C24F287E90071DFFF /* MemoWithCollectionView.xcodeproj */,
				FD51EFED24E4439500EBB739 /* View Controllers */,
				FD51EFE324E42E0200EBB739 /* Info.plist */,
				FD51F00124E45A8400EBB739 /* GoogleService-Info.plist */,
				FD51EFD324E42DFC00EBB739 /* Products */,
				EB566F093944F982504A5D0D /* Pods */,
				D95081BB065C2AABD7CD17EF /* Frameworks */,
			);
			sourceTree = "<group>";
		};
		FD51EFD324E42DFC00EBB739 /* Products */ = {
			isa = PBXGroup;
			children = (
				FD51EFD224E42DFC00EBB739 /* 맡아줄개.app */,
			);
			name = Products;
			sourceTree = "<group>";
		};
		FD51EFD424E42DFC00EBB739 /* Resources */ = {
			isa = PBXGroup;
			children = (
				FD51EFD524E42DFC00EBB739 /* AppDelegate.swift */,
				FD51EFD724E42DFC00EBB739 /* SceneDelegate.swift */,
			);
			path = Resources;
			sourceTree = "<group>";
		};
		FD51EFEC24E4437D00EBB739 /* Views */ = {
			isa = PBXGroup;
			children = (
				FDE73AE024F27E9500225959 /* Storyboards */,
				FD51EFDE24E42E0200EBB739 /* Assets.xcassets */,
				FDE73AE124F27F4800225959 /* ChatMessageCell.swift */,
			);
			path = Views;
			sourceTree = "<group>";
		};
		FD51EFED24E4439500EBB739 /* View Controllers */ = {
			isa = PBXGroup;
			children = (
				FDE73AD024F27B2F00225959 /* Chat */,
				FDE73ACE24F27B1C00225959 /* BeforeLogin */,
				FDE73ACD24F27B0300225959 /* AfterLogin */,
			);
			path = "View Controllers";
			sourceTree = "<group>";
		};
		FDE73ACD24F27B0300225959 /* AfterLogin */ = {
			isa = PBXGroup;
			children = (
				FDE73ADE24F27DEB00225959 /* LoginMyPageViewController.swift */,
			);
			path = AfterLogin;
			sourceTree = "<group>";
		};
		FDE73ACE24F27B1C00225959 /* BeforeLogin */ = {
			isa = PBXGroup;
			children = (
				FDE73AD524F27DDC00225959 /* CompleteSignUpViewController.swift */,
				FDE73AD624F27DDC00225959 /* LoginViewController.swift */,
				FDE73AD724F27DDC00225959 /* MyPageViewController.swift */,
				FDE73AD824F27DDC00225959 /* SignUpViewController.swift */,
				FDE73AD424F27DDC00225959 /* TermsConditionViewController.swift */,
			);
			path = BeforeLogin;
			sourceTree = "<group>";
		};
		FDE73AD024F27B2F00225959 /* Chat */ = {
			isa = PBXGroup;
			children = (
				FDE73AD224F27CC900225959 /* ChatDetailViewController.swift */,
				FDE73AD324F27CC900225959 /* ChatViewController.swift */,
				FDE73AD124F27CC900225959 /* UserListViewController.swift */,
			);
			path = Chat;
			sourceTree = "<group>";
		};
		FDE73AE024F27E9500225959 /* Storyboards */ = {
			isa = PBXGroup;
			children = (
				FD51EFDB24E42DFC00EBB739 /* Main.storyboard */,
				FD51EFE024E42E0200EBB739 /* LaunchScreen.storyboard */,
			);
			path = Storyboards;
			sourceTree = "<group>";
		};
		FDE73AE324F27FB600225959 /* Models */ = {
			isa = PBXGroup;
			children = (
				FDE73AE424F2800A00225959 /* ChatUserModel.swift */,
			);
			path = Models;
			sourceTree = "<group>";
		};
/* End PBXGroup section */

/* Begin PBXNativeTarget section */
		FD51EFD124E42DFC00EBB739 /* LoginProject */ = {
			isa = PBXNativeTarget;
			buildConfigurationList = FD51EFE624E42E0200EBB739 /* Build configuration list for PBXNativeTarget "LoginProject" */;
			buildPhases = (
				C080B60535683241AA881F1F /* [CP] Check Pods Manifest.lock */,
				FD51EFCE24E42DFC00EBB739 /* Sources */,
				FD51EFCF24E42DFC00EBB739 /* Frameworks */,
				FD51EFD024E42DFC00EBB739 /* Resources */,
				D7E16096F42AB8C5266402FB /* [CP] Embed Pods Frameworks */,
				B592A27A88F9643E7CD21EF0 /* [CP] Copy Pods Resources */,
			);
			buildRules = (
			);
			dependencies = (
			);
			name = LoginProject;
			productName = LoginProject;
			productReference = FD51EFD224E42DFC00EBB739 /* 맡아줄개.app */;
			productType = "com.apple.product-type.application";
		};
/* End PBXNativeTarget section */

/* Begin PBXProject section */
		FD51EFCA24E42DFC00EBB739 /* Project object */ = {
			isa = PBXProject;
			attributes = {
				LastSwiftUpdateCheck = 1160;
				LastUpgradeCheck = 1160;
				ORGANIZATIONNAME = "김현아";
				TargetAttributes = {
					FD51EFD124E42DFC00EBB739 = {
						CreatedOnToolsVersion = 11.6;
					};
				};
			};
			buildConfigurationList = FD51EFCD24E42DFC00EBB739 /* Build configuration list for PBXProject "LoginProject" */;
			compatibilityVersion = "Xcode 9.3";
			developmentRegion = en;
			hasScannedForEncodings = 0;
			knownRegions = (
				en,
				Base,
			);
			mainGroup = FD51EFC924E42DFC00EBB739;
			productRefGroup = FD51EFD324E42DFC00EBB739 /* Products */;
			projectDirPath = "";
			projectReferences = (
				{
					ProductGroup = CC53529724F287E90071DFFF /* Products */;
					ProjectRef = CC53529624F287E90071DFFF /* BountyList.xcodeproj */;
				},
				{
					ProductGroup = CC53529D24F287E90071DFFF /* Products */;
					ProjectRef = CC53529C24F287E90071DFFF /* MemoWithCollectionView.xcodeproj */;
				},
			);
			projectRoot = "";
			targets = (
				FD51EFD124E42DFC00EBB739 /* LoginProject */,
			);
		};
/* End PBXProject section */

/* Begin PBXReferenceProxy section */
		CC53529B24F287E90071DFFF /* BountyList.app */ = {
			isa = PBXReferenceProxy;
			fileType = wrapper.application;
			path = BountyList.app;
			remoteRef = CC53529A24F287E90071DFFF /* PBXContainerItemProxy */;
			sourceTree = BUILT_PRODUCTS_DIR;
		};
		CC5352A124F287E90071DFFF /* MemoWithCollectionView.app */ = {
			isa = PBXReferenceProxy;
			fileType = wrapper.application;
			path = MemoWithCollectionView.app;
			remoteRef = CC5352A024F287E90071DFFF /* PBXContainerItemProxy */;
			sourceTree = BUILT_PRODUCTS_DIR;
		};
/* End PBXReferenceProxy section */

/* Begin PBXResourcesBuildPhase section */
		FD51EFD024E42DFC00EBB739 /* Resources */ = {
			isa = PBXResourcesBuildPhase;
			buildActionMask = 2147483647;
			files = (
				FD51EFE224E42E0200EBB739 /* LaunchScreen.storyboard in Resources */,
				FD51F00224E45A8400EBB739 /* GoogleService-Info.plist in Resources */,
				FD51EFDF24E42E0200EBB739 /* Assets.xcassets in Resources */,
				CC5352B224F287E90071DFFF /* LaunchScreen.storyboard in Resources */,
				CC5352A624F287E90071DFFF /* Main.storyboard in Resources */,
				CC5352B324F287E90071DFFF /* Main.storyboard in Resources */,
				CC5352AF24F287E90071DFFF /* close1.png in Resources */,
				CC5352A524F287E90071DFFF /* LaunchScreen.storyboard in Resources */,
				CC5352B824F287E90071DFFF /* Info.plist in Resources */,
				FD51EFDD24E42DFC00EBB739 /* Main.storyboard in Resources */,
				CC5352B024F287E90071DFFF /* Assets.xcassets in Resources */,
				CC5352AA24F287E90071DFFF /* Info.plist in Resources */,
			);
			runOnlyForDeploymentPostprocessing = 0;
		};
/* End PBXResourcesBuildPhase section */

/* Begin PBXShellScriptBuildPhase section */
		B592A27A88F9643E7CD21EF0 /* [CP] Copy Pods Resources */ = {
			isa = PBXShellScriptBuildPhase;
			buildActionMask = 2147483647;
			files = (
			);
			inputFileListPaths = (
				"${PODS_ROOT}/Target Support Files/Pods-LoginProject/Pods-LoginProject-resources-${CONFIGURATION}-input-files.xcfilelist",
			);
			name = "[CP] Copy Pods Resources";
			outputFileListPaths = (
				"${PODS_ROOT}/Target Support Files/Pods-LoginProject/Pods-LoginProject-resources-${CONFIGURATION}-output-files.xcfilelist",
			);
			runOnlyForDeploymentPostprocessing = 0;
			shellPath = /bin/sh;
			shellScript = "\"${PODS_ROOT}/Target Support Files/Pods-LoginProject/Pods-LoginProject-resources.sh\"\n";
			showEnvVarsInLog = 0;
		};
		C080B60535683241AA881F1F /* [CP] Check Pods Manifest.lock */ = {
			isa = PBXShellScriptBuildPhase;
			buildActionMask = 2147483647;
			files = (
			);
			inputFileListPaths = (
			);
			inputPaths = (
				"${PODS_PODFILE_DIR_PATH}/Podfile.lock",
				"${PODS_ROOT}/Manifest.lock",
			);
			name = "[CP] Check Pods Manifest.lock";
			outputFileListPaths = (
			);
			outputPaths = (
				"$(DERIVED_FILE_DIR)/Pods-LoginProject-checkManifestLockResult.txt",
			);
			runOnlyForDeploymentPostprocessing = 0;
			shellPath = /bin/sh;
			shellScript = "diff \"${PODS_PODFILE_DIR_PATH}/Podfile.lock\" \"${PODS_ROOT}/Manifest.lock\" > /dev/null\nif [ $? != 0 ] ; then\n    # print error to STDERR\n    echo \"error: The sandbox is not in sync with the Podfile.lock. Run 'pod install' or update your CocoaPods installation.\" >&2\n    exit 1\nfi\n# This output is used by Xcode 'outputs' to avoid re-running this script phase.\necho \"SUCCESS\" > \"${SCRIPT_OUTPUT_FILE_0}\"\n";
			showEnvVarsInLog = 0;
		};
		D7E16096F42AB8C5266402FB /* [CP] Embed Pods Frameworks */ = {
			isa = PBXShellScriptBuildPhase;
			buildActionMask = 2147483647;
			files = (
			);
			inputFileListPaths = (
				"${PODS_ROOT}/Target Support Files/Pods-LoginProject/Pods-LoginProject-frameworks-${CONFIGURATION}-input-files.xcfilelist",
			);
			name = "[CP] Embed Pods Frameworks";
			outputFileListPaths = (
				"${PODS_ROOT}/Target Support Files/Pods-LoginProject/Pods-LoginProject-frameworks-${CONFIGURATION}-output-files.xcfilelist",
			);
			runOnlyForDeploymentPostprocessing = 0;
			shellPath = /bin/sh;
			shellScript = "\"${PODS_ROOT}/Target Support Files/Pods-LoginProject/Pods-LoginProject-frameworks.sh\"\n";
			showEnvVarsInLog = 0;
		};
/* End PBXShellScriptBuildPhase section */

/* Begin PBXSourcesBuildPhase section */
		FD51EFCE24E42DFC00EBB739 /* Sources */ = {
			isa = PBXSourcesBuildPhase;
			buildActionMask = 2147483647;
			files = (
				CC5352A424F287E90071DFFF /* DetailViewController.swift in Sources */,
				CC5352AD24F287E90071DFFF /* ViewController.swift in Sources */,
				FDE73ADB24F27DDD00225959 /* LoginViewController.swift in Sources */,
				FD51EFD624E42DFC00EBB739 /* AppDelegate.swift in Sources */,
				CC5352B624F287E90071DFFF /* Photomemo+CoreDataClass.swift in Sources */,
				CC5352A824F287E90071DFFF /* AppDelegate.swift in Sources */,
				CC5352AC24F287E90071DFFF /* ContentViewController.swift in Sources */,
				CC5352A324F287E90071DFFF /* favoriteViewController.swift in Sources */,
				FD51EFD824E42DFC00EBB739 /* SceneDelegate.swift in Sources */,
				CC5352A224F287E90071DFFF /* writeViewController.swift in Sources */,
				CC5352AB24F287E90071DFFF /* SceneDelegate.swift in Sources */,
				CC5352AE24F287E90071DFFF /* AddViewController.swift in Sources */,
				CC5352A924F287E90071DFFF /* likeViewController.swift in Sources */,
				CC5352B724F287E90071DFFF /* AppDelegate.swift in Sources */,
				FDE73AE524F2800A00225959 /* ChatUserModel.swift in Sources */,
				FDE73ADA24F27DDD00225959 /* CompleteSignUpViewController.swift in Sources */,
				CC5352B924F287E90071DFFF /* MemoWithCollectionView.xcdatamodeld in Sources */,
				FDE73ADD24F27DDD00225959 /* SignUpViewController.swift in Sources */,
				FDE73AE224F27F4800225959 /* ChatMessageCell.swift in Sources */,
				CC5352B524F287E90071DFFF /* Photomemo+CoreDataProperties.swift in Sources */,
				FDE73ADF24F27DEB00225959 /* LoginMyPageViewController.swift in Sources */,
				CC5352B124F287E90071DFFF /* CollectionViewCell.swift in Sources */,
				CC5352A724F287E90071DFFF /* BountyViewController.swift in Sources */,
				FDE73ADC24F27DDD00225959 /* MyPageViewController.swift in Sources */,
				CC5352B424F287E90071DFFF /* EditViewController.swift in Sources */,
				FDE73AD924F27DDD00225959 /* TermsConditionViewController.swift in Sources */,
			);
			runOnlyForDeploymentPostprocessing = 0;
		};
/* End PBXSourcesBuildPhase section */

/* Begin PBXVariantGroup section */
		CC53527B24F287E80071DFFF /* LaunchScreen.storyboard */ = {
			isa = PBXVariantGroup;
			children = (
				CC53527C24F287E80071DFFF /* Base */,
			);
			name = LaunchScreen.storyboard;
			sourceTree = "<group>";
		};
		CC53527D24F287E80071DFFF /* Main.storyboard */ = {
			isa = PBXVariantGroup;
			children = (
				CC53527E24F287E80071DFFF /* Base */,
			);
			name = Main.storyboard;
			sourceTree = "<group>";
		};
		CC53528B24F287E80071DFFF /* LaunchScreen.storyboard */ = {
			isa = PBXVariantGroup;
			children = (
				CC53528C24F287E80071DFFF /* Base */,
			);
			name = LaunchScreen.storyboard;
			sourceTree = "<group>";
		};
		CC53528D24F287E80071DFFF /* Main.storyboard */ = {
			isa = PBXVariantGroup;
			children = (
				CC53528E24F287E80071DFFF /* Base */,
			);
			name = Main.storyboard;
			sourceTree = "<group>";
		};
		FD51EFDB24E42DFC00EBB739 /* Main.storyboard */ = {
			isa = PBXVariantGroup;
			children = (
				FD51EFDC24E42DFC00EBB739 /* Base */,
			);
			name = Main.storyboard;
			sourceTree = "<group>";
		};
		FD51EFE024E42E0200EBB739 /* LaunchScreen.storyboard */ = {
			isa = PBXVariantGroup;
			children = (
				FD51EFE124E42E0200EBB739 /* Base */,
			);
			name = LaunchScreen.storyboard;
			sourceTree = "<group>";
		};
/* End PBXVariantGroup section */

/* Begin XCBuildConfiguration section */
		FD51EFE424E42E0200EBB739 /* Debug */ = {
			isa = XCBuildConfiguration;
			buildSettings = {
				ALWAYS_SEARCH_USER_PATHS = NO;
				CLANG_ANALYZER_NONNULL = YES;
				CLANG_ANALYZER_NUMBER_OBJECT_CONVERSION = YES_AGGRESSIVE;
				CLANG_CXX_LANGUAGE_STANDARD = "gnu++14";
				CLANG_CXX_LIBRARY = "libc++";
				CLANG_ENABLE_MODULES = YES;
				CLANG_ENABLE_OBJC_ARC = YES;
				CLANG_ENABLE_OBJC_WEAK = YES;
				CLANG_WARN_BLOCK_CAPTURE_AUTORELEASING = YES;
				CLANG_WARN_BOOL_CONVERSION = YES;
				CLANG_WARN_COMMA = YES;
				CLANG_WARN_CONSTANT_CONVERSION = YES;
				CLANG_WARN_DEPRECATED_OBJC_IMPLEMENTATIONS = YES;
				CLANG_WARN_DIRECT_OBJC_ISA_USAGE = YES_ERROR;
				CLANG_WARN_DOCUMENTATION_COMMENTS = YES;
				CLANG_WARN_EMPTY_BODY = YES;
				CLANG_WARN_ENUM_CONVERSION = YES;
				CLANG_WARN_INFINITE_RECURSION = YES;
				CLANG_WARN_INT_CONVERSION = YES;
				CLANG_WARN_NON_LITERAL_NULL_CONVERSION = YES;
				CLANG_WARN_OBJC_IMPLICIT_RETAIN_SELF = YES;
				CLANG_WARN_OBJC_LITERAL_CONVERSION = YES;
				CLANG_WARN_OBJC_ROOT_CLASS = YES_ERROR;
				CLANG_WARN_RANGE_LOOP_ANALYSIS = YES;
				CLANG_WARN_STRICT_PROTOTYPES = YES;
				CLANG_WARN_SUSPICIOUS_MOVE = YES;
				CLANG_WARN_UNGUARDED_AVAILABILITY = YES_AGGRESSIVE;
				CLANG_WARN_UNREACHABLE_CODE = YES;
				CLANG_WARN__DUPLICATE_METHOD_MATCH = YES;
				COPY_PHASE_STRIP = NO;
				DEBUG_INFORMATION_FORMAT = dwarf;
				ENABLE_STRICT_OBJC_MSGSEND = YES;
				ENABLE_TESTABILITY = YES;
				GCC_C_LANGUAGE_STANDARD = gnu11;
				GCC_DYNAMIC_NO_PIC = NO;
				GCC_NO_COMMON_BLOCKS = YES;
				GCC_OPTIMIZATION_LEVEL = 0;
				GCC_PREPROCESSOR_DEFINITIONS = (
					"DEBUG=1",
					"$(inherited)",
				);
				GCC_WARN_64_TO_32_BIT_CONVERSION = YES;
				GCC_WARN_ABOUT_RETURN_TYPE = YES_ERROR;
				GCC_WARN_UNDECLARED_SELECTOR = YES;
				GCC_WARN_UNINITIALIZED_AUTOS = YES_AGGRESSIVE;
				GCC_WARN_UNUSED_FUNCTION = YES;
				GCC_WARN_UNUSED_VARIABLE = YES;
				IPHONEOS_DEPLOYMENT_TARGET = 13.6;
				MTL_ENABLE_DEBUG_INFO = INCLUDE_SOURCE;
				MTL_FAST_MATH = YES;
				ONLY_ACTIVE_ARCH = YES;
				SDKROOT = iphoneos;
				SWIFT_ACTIVE_COMPILATION_CONDITIONS = DEBUG;
				SWIFT_OPTIMIZATION_LEVEL = "-Onone";
			};
			name = Debug;
		};
		FD51EFE524E42E0200EBB739 /* Release */ = {
			isa = XCBuildConfiguration;
			buildSettings = {
				ALWAYS_SEARCH_USER_PATHS = NO;
				CLANG_ANALYZER_NONNULL = YES;
				CLANG_ANALYZER_NUMBER_OBJECT_CONVERSION = YES_AGGRESSIVE;
				CLANG_CXX_LANGUAGE_STANDARD = "gnu++14";
				CLANG_CXX_LIBRARY = "libc++";
				CLANG_ENABLE_MODULES = YES;
				CLANG_ENABLE_OBJC_ARC = YES;
				CLANG_ENABLE_OBJC_WEAK = YES;
				CLANG_WARN_BLOCK_CAPTURE_AUTORELEASING = YES;
				CLANG_WARN_BOOL_CONVERSION = YES;
				CLANG_WARN_COMMA = YES;
				CLANG_WARN_CONSTANT_CONVERSION = YES;
				CLANG_WARN_DEPRECATED_OBJC_IMPLEMENTATIONS = YES;
				CLANG_WARN_DIRECT_OBJC_ISA_USAGE = YES_ERROR;
				CLANG_WARN_DOCUMENTATION_COMMENTS = YES;
				CLANG_WARN_EMPTY_BODY = YES;
				CLANG_WARN_ENUM_CONVERSION = YES;
				CLANG_WARN_INFINITE_RECURSION = YES;
				CLANG_WARN_INT_CONVERSION = YES;
				CLANG_WARN_NON_LITERAL_NULL_CONVERSION = YES;
				CLANG_WARN_OBJC_IMPLICIT_RETAIN_SELF = YES;
				CLANG_WARN_OBJC_LITERAL_CONVERSION = YES;
				CLANG_WARN_OBJC_ROOT_CLASS = YES_ERROR;
				CLANG_WARN_RANGE_LOOP_ANALYSIS = YES;
				CLANG_WARN_STRICT_PROTOTYPES = YES;
				CLANG_WARN_SUSPICIOUS_MOVE = YES;
				CLANG_WARN_UNGUARDED_AVAILABILITY = YES_AGGRESSIVE;
				CLANG_WARN_UNREACHABLE_CODE = YES;
				CLANG_WARN__DUPLICATE_METHOD_MATCH = YES;
				COPY_PHASE_STRIP = NO;
				DEBUG_INFORMATION_FORMAT = "dwarf-with-dsym";
				ENABLE_NS_ASSERTIONS = NO;
				ENABLE_STRICT_OBJC_MSGSEND = YES;
				GCC_C_LANGUAGE_STANDARD = gnu11;
				GCC_NO_COMMON_BLOCKS = YES;
				GCC_WARN_64_TO_32_BIT_CONVERSION = YES;
				GCC_WARN_ABOUT_RETURN_TYPE = YES_ERROR;
				GCC_WARN_UNDECLARED_SELECTOR = YES;
				GCC_WARN_UNINITIALIZED_AUTOS = YES_AGGRESSIVE;
				GCC_WARN_UNUSED_FUNCTION = YES;
				GCC_WARN_UNUSED_VARIABLE = YES;
				IPHONEOS_DEPLOYMENT_TARGET = 13.6;
				MTL_ENABLE_DEBUG_INFO = NO;
				MTL_FAST_MATH = YES;
				SDKROOT = iphoneos;
				SWIFT_COMPILATION_MODE = wholemodule;
				SWIFT_OPTIMIZATION_LEVEL = "-O";
				VALIDATE_PRODUCT = YES;
			};
			name = Release;
		};
		FD51EFE724E42E0200EBB739 /* Debug */ = {
			isa = XCBuildConfiguration;
			baseConfigurationReference = 81A5F735EADB8F06DAAFED50 /* Pods-LoginProject.debug.xcconfig */;
			buildSettings = {
				ASSETCATALOG_COMPILER_APPICON_NAME = AppIcon;
				CODE_SIGN_STYLE = Automatic;
				DEVELOPMENT_TEAM = "";
				FRAMEWORK_SEARCH_PATHS = (
					"$(inherited)",
					"$(PROJECT_DIR)",
				);
				INFOPLIST_FILE = Info.plist;
				LD_RUNPATH_SEARCH_PATHS = (
					"$(inherited)",
					"@executable_path/Frameworks",
				);
				OTHER_LDFLAGS = (
					"$(inherited)",
					"-ObjC",
					"-l\"c++\"",
					"-l\"sqlite3\"",
					"-l\"z\"",
					"-framework",
					"\"AppAuth\"",
					"-framework",
					"\"CoreGraphics\"",
					"-framework",
					"\"CoreTelephony\"",
					"-framework",
					"\"CoreText\"",
					"-framework",
					"\"FBLPromises\"",
					"-framework",
					"\"FIRAnalyticsConnector\"",
					"-framework",
					"\"FirebaseAnalytics\"",
					"-framework",
					"\"FirebaseAuth\"",
					"-framework",
					"\"FirebaseCore\"",
					"-framework",
					"\"FirebaseCoreDiagnostics\"",
					"-framework",
					"\"FirebaseFirestore\"",
					"-framework",
					"\"FirebaseInstallations\"",
					"-framework",
					"\"Foundation\"",
					"-framework",
					"\"GTMAppAuth\"",
					"-framework",
					"\"GTMSessionFetcher\"",
					"-framework",
					"\"GoogleAppMeasurement\"",
					"-framework",
					"\"GoogleDataTransport\"",
					"-framework",
					"\"GoogleSignIn\"",
					"-framework",
					"\"GoogleUtilities\"",
					"-framework",
					"\"LocalAuthentication\"",
					"-framework",
					"\"MobileCoreServices\"",
					"-framework",
					"\"SPPermissions\"",
					"-framework",
					"\"SafariServices\"",
					"-framework",
					"\"Security\"",
					"-framework",
					"\"StoreKit\"",
					"-framework",
					"\"SystemConfiguration\"",
					"-framework",
					"\"UIKit\"",
					"-framework",
					"\"absl\"",
					"-framework",
					"\"grpc\"",
					"-framework",
					"\"grpcpp\"",
					"-framework",
					"\"leveldb\"",
					"-framework",
					"\"nanopb\"",
					"-framework",
					"\"openssl_grpc\"",
					"-weak_framework",
					"\"AuthenticationServices\"",
					"-all_load",
				);
				PRODUCT_BUNDLE_IDENTIFIER = HyeonA.LoginProject;
				PRODUCT_NAME = "맡아줄개";
				SWIFT_OBJC_BRIDGING_HEADER = "";
				SWIFT_VERSION = 5.0;
				TARGETED_DEVICE_FAMILY = "1,2";
			};
			name = Debug;
		};
		FD51EFE824E42E0200EBB739 /* Release */ = {
			isa = XCBuildConfiguration;
			baseConfigurationReference = 3B92C562837A2D3440E9DC5D /* Pods-LoginProject.release.xcconfig */;
			buildSettings = {
				ASSETCATALOG_COMPILER_APPICON_NAME = AppIcon;
				CODE_SIGN_STYLE = Automatic;
				DEVELOPMENT_TEAM = "";
				FRAMEWORK_SEARCH_PATHS = (
					"$(inherited)",
					"$(PROJECT_DIR)",
				);
				INFOPLIST_FILE = Info.plist;
				LD_RUNPATH_SEARCH_PATHS = (
					"$(inherited)",
					"@executable_path/Frameworks",
				);
				OTHER_LDFLAGS = (
					"$(inherited)",
					"-ObjC",
					"-l\"c++\"",
					"-l\"sqlite3\"",
					"-l\"z\"",
					"-framework",
					"\"AppAuth\"",
					"-framework",
					"\"CoreGraphics\"",
					"-framework",
					"\"CoreTelephony\"",
					"-framework",
					"\"CoreText\"",
					"-framework",
					"\"FBLPromises\"",
					"-framework",
					"\"FIRAnalyticsConnector\"",
					"-framework",
					"\"FirebaseAnalytics\"",
					"-framework",
					"\"FirebaseAuth\"",
					"-framework",
					"\"FirebaseCore\"",
					"-framework",
					"\"FirebaseCoreDiagnostics\"",
					"-framework",
					"\"FirebaseFirestore\"",
					"-framework",
					"\"FirebaseInstallations\"",
					"-framework",
					"\"Foundation\"",
					"-framework",
					"\"GTMAppAuth\"",
					"-framework",
					"\"GTMSessionFetcher\"",
					"-framework",
					"\"GoogleAppMeasurement\"",
					"-framework",
					"\"GoogleDataTransport\"",
					"-framework",
					"\"GoogleSignIn\"",
					"-framework",
					"\"GoogleUtilities\"",
					"-framework",
					"\"LocalAuthentication\"",
					"-framework",
					"\"MobileCoreServices\"",
					"-framework",
					"\"SPPermissions\"",
					"-framework",
					"\"SafariServices\"",
					"-framework",
					"\"Security\"",
					"-framework",
					"\"StoreKit\"",
					"-framework",
					"\"SystemConfiguration\"",
					"-framework",
					"\"UIKit\"",
					"-framework",
					"\"absl\"",
					"-framework",
					"\"grpc\"",
					"-framework",
					"\"grpcpp\"",
					"-framework",
					"\"leveldb\"",
					"-framework",
					"\"nanopb\"",
					"-framework",
					"\"openssl_grpc\"",
					"-weak_framework",
					"\"AuthenticationServices\"",
					"-all_load",
				);
				PRODUCT_BUNDLE_IDENTIFIER = HyeonA.LoginProject;
				PRODUCT_NAME = "맡아줄개";
				SWIFT_OBJC_BRIDGING_HEADER = "";
				SWIFT_VERSION = 5.0;
				TARGETED_DEVICE_FAMILY = "1,2";
			};
			name = Release;
		};
/* End XCBuildConfiguration section */

/* Begin XCConfigurationList section */
		FD51EFCD24E42DFC00EBB739 /* Build configuration list for PBXProject "LoginProject" */ = {
			isa = XCConfigurationList;
			buildConfigurations = (
				FD51EFE424E42E0200EBB739 /* Debug */,
				FD51EFE524E42E0200EBB739 /* Release */,
			);
			defaultConfigurationIsVisible = 0;
			defaultConfigurationName = Release;
		};
		FD51EFE624E42E0200EBB739 /* Build configuration list for PBXNativeTarget "LoginProject" */ = {
			isa = XCConfigurationList;
			buildConfigurations = (
				FD51EFE724E42E0200EBB739 /* Debug */,
				FD51EFE824E42E0200EBB739 /* Release */,
			);
			defaultConfigurationIsVisible = 0;
			defaultConfigurationName = Release;
		};
/* End XCConfigurationList section */

/* Begin XCVersionGroup section */
		CC53529424F287E80071DFFF /* MemoWithCollectionView.xcdatamodeld */ = {
			isa = XCVersionGroup;
			children = (
				CC53529524F287E80071DFFF /* MemoWithCollectionView.xcdatamodel */,
			);
			currentVersion = CC53529524F287E80071DFFF /* MemoWithCollectionView.xcdatamodel */;
			path = MemoWithCollectionView.xcdatamodeld;
			sourceTree = "<group>";
			versionGroupType = wrapper.xcdatamodel;
		};
/* End XCVersionGroup section */
	};
	rootObject = FD51EFCA24E42DFC00EBB739 /* Project object */;
}
